
Microsoft Visual Studio Solution File, Format Version 12.00
# Visual Studio Version 17
VisualStudioVersion = 17.11.35208.52
MinimumVisualStudioVersion = 10.0.40219.1
Project("{FAE04EC0-301F-11D3-BF4B-00C04F79EFBC}") = "PhanGiaiTenMien_WDF", "PhanGiaiTenMien_WDF\PhanGiaiTenMien_WDF.csproj", "{2E5F5830-1EE1-4842-BDD5-97E8939302AE}"
EndProject
Global
	GlobalSection(SolutionConfigurationPlatforms) = preSolution
		Debug|Any CPU = Debug|Any CPU
		Release|Any CPU = Release|Any CPU
	EndGlobalSection
	GlobalSection(ProjectConfigurationPlatforms) = postSolution
		{2E5F5830-1EE1-4842-BDD5-97E8939302AE}.Debug|Any CPU.ActiveCfg = Debug|Any CPU
		{2E5F5830-1EE1-4842-BDD5-97E8939302AE}.Debug|Any CPU.Build.0 = Debug|Any CPU
		{2E5F5830-1EE1-4842-BDD5-97E8939302AE}.Release|Any CPU.ActiveCfg = Release|Any CPU
		{2E5F5830-1EE1-4842-BDD5-97E8939302AE}.Release|Any CPU.Build.0 = Release|Any CPU
	EndGlobalSection
	GlobalSection(SolutionProperties) = preSolution
		HideSolutionNode = FALSE
	EndGlobalSection
	GlobalSection(ExtensibilityGlobals) = postSolution
		SolutionGuid = {9B148341-479A-46D6-A0E7-05FD953ABFAE}
	EndGlobalSection
EndGlobal
