
Microsoft Visual Studio Solution File, Format Version 12.00
# Visual Studio Version 17
VisualStudioVersion = 17.11.35208.52
MinimumVisualStudioVersion = 10.0.40219.1
Project("{FAE04EC0-301F-11D3-BF4B-00C04F79EFBC}") = "PhanGiaiTenMien", "PhanGiaiTenMien\PhanGiaiTenMien.csproj", "{9DFF7DDF-3234-4BD5-8CAE-995AB8478AED}"
EndProject
Global
	GlobalSection(SolutionConfigurationPlatforms) = preSolution
		Debug|Any CPU = Debug|Any CPU
		Release|Any CPU = Release|Any CPU
	EndGlobalSection
	GlobalSection(ProjectConfigurationPlatforms) = postSolution
		{9DFF7DDF-3234-4BD5-8CAE-995AB8478AED}.Debug|Any CPU.ActiveCfg = Debug|Any CPU
		{9DFF7DDF-3234-4BD5-8CAE-995AB8478AED}.Debug|Any CPU.Build.0 = Debug|Any CPU
		{9DFF7DDF-3234-4BD5-8CAE-995AB8478AED}.Release|Any CPU.ActiveCfg = Release|Any CPU
		{9DFF7DDF-3234-4BD5-8CAE-995AB8478AED}.Release|Any CPU.Build.0 = Release|Any CPU
	EndGlobalSection
	GlobalSection(SolutionProperties) = preSolution
		HideSolutionNode = FALSE
	EndGlobalSection
	GlobalSection(ExtensibilityGlobals) = postSolution
		SolutionGuid = {91A2F35B-39FA-4209-9D88-49EE33C4C84C}
	EndGlobalSection
EndGlobal
